
Microsoft Visual Studio Solution File, Format Version 12.00
# Visual Studio Version 16
VisualStudioVersion = 16.0.31410.357
MinimumVisualStudioVersion = 10.0.40219.1
Project("{8BC9CEB8-8B4A-11D0-8D11-00A0C91BC942}") = "vxVer", "vxVer.vcxproj", "{01287F35-4521-49FB-8711-7C411A3FE983}"
EndProject
Global
	GlobalSection(SolutionConfigurationPlatforms) = preSolution
		Debug|x64 = Debug|x64
		Debug|x86 = Debug|x86
		Release|x64 = Release|x64
		Release|x86 = Release|x86
	EndGlobalSection
	GlobalSection(ProjectConfigurationPlatforms) = postSolution
		{01287F35-4521-49FB-8711-7C411A3FE983}.Debug|x64.ActiveCfg = Debug|x64
		{01287F35-4521-49FB-8711-7C411A3FE983}.Debug|x64.Build.0 = Debug|x64
		{01287F35-4521-49FB-8711-7C411A3FE983}.Debug|x86.ActiveCfg = Debug|Win32
		{01287F35-4521-49FB-8711-7C411A3FE983}.Debug|x86.Build.0 = Debug|Win32
		{01287F35-4521-49FB-8711-7C411A3FE983}.Release|x64.ActiveCfg = Release|x64
		{01287F35-4521-49FB-8711-7C411A3FE983}.Release|x64.Build.0 = Release|x64
		{01287F35-4521-49FB-8711-7C411A3FE983}.Release|x86.ActiveCfg = Release|Win32
		{01287F35-4521-49FB-8711-7C411A3FE983}.Release|x86.Build.0 = Release|Win32
	EndGlobalSection
	GlobalSection(SolutionProperties) = preSolution
		HideSolutionNode = FALSE
	EndGlobalSection
	GlobalSection(ExtensibilityGlobals) = postSolution
		SolutionGuid = {F444E19F-7432-46DD-B53E-E14E0A1FC371}
	EndGlobalSection
EndGlobal
